{
  "requires": true,
  "lockfileVersion": 1,
  "dependencies": {
    "express-mongo-sanitize": {
      "version": "2.0.0",
      "resolved": "https://registry.npmjs.org/express-mongo-sanitize/-/express-mongo-sanitize-2.0.0.tgz",
      "integrity": "sha512-tqGqnKsibDfKqypC6QDYjp4VRLqtTlwuHDfK7KECZvq9fDOq8yi0MdzCJe2DWhv54/IoQV+7uXR7h9eD+Fc5LA=="
    },
    "hpp": {
      "version": "0.2.3",
      "resolved": "https://registry.npmjs.org/hpp/-/hpp-0.2.3.tgz",
      "integrity": "sha512-4zDZypjQcxK/8pfFNR7jaON7zEUpXZxz4viyFmqjb3kWNWAHsLEUmWXcdn25c5l76ISvnD6hbOGO97cXUI3Ryw==",
      "requires": {
        "lodash": "^4.17.12",
        "type-is": "^1.6.12"
      }
    },
    "lodash": {
      "version": "4.17.20",
      "resolved": "https://registry.npmjs.org/lodash/-/lodash-4.17.20.tgz",
      "integrity": "sha512-PlhdFcillOINfeV7Ni6oF1TAEayyZBoZ8bcshTHqOYJYlrqzRK5hagpagky5o4HfCzzd1TRkXPMFq6cKk9rGmA=="
    },
    "media-typer": {
      "version": "0.3.0",
      "resolved": "https://registry.npmjs.org/media-typer/-/media-typer-0.3.0.tgz",
      "integrity": "sha1-hxDXrwqmJvj/+hzgAWhUUmMlV0g="
    },
    "mime-db": {
      "version": "1.44.0",
      "resolved": "https://registry.npmjs.org/mime-db/-/mime-db-1.44.0.tgz",
      "integrity": "sha512-/NOTfLrsPBVeH7YtFPgsVWveuL+4SjjYxaQ1xtM1KMFj7HdxlBlxeyNLzhyJVx7r4rZGJAZ/6lkKCitSc/Nmpg=="
    },
    "mime-types": {
      "version": "2.1.27",
      "resolved": "https://registry.npmjs.org/mime-types/-/mime-types-2.1.27.tgz",
      "integrity": "sha512-JIhqnCasI9yD+SsmkquHBxTSEuZdQX5BuQnS2Vc7puQQQ+8yiP5AY5uWhpdv4YL4VM5c6iliiYWPgJ/nJQLp7w==",
      "requires": {
        "mime-db": "1.44.0"
      }
    },
    "type-is": {
      "version": "1.6.18",
      "resolved": "https://registry.npmjs.org/type-is/-/type-is-1.6.18.tgz",
      "integrity": "sha512-TkRKr9sUTxEH8MdfuCSP7VizJyzRNMjj2J2do2Jr3Kym598JVdEksuzPQCnlFPW4ky9Q+iA+ma9BGm06XQBy8g==",
      "requires": {
        "media-typer": "0.3.0",
        "mime-types": "~2.1.24"
      }
    },
    "xss-clean": {
      "version": "0.1.1",
      "resolved": "https://registry.npmjs.org/xss-clean/-/xss-clean-0.1.1.tgz",
      "integrity": "sha1-07poTYXM1SBUlj0BrWqzbWYtsaU=",
      "requires": {
        "xss-filters": "1.2.6"
      }
    },
    "xss-filters": {
      "version": "1.2.6",
      "resolved": "https://registry.npmjs.org/xss-filters/-/xss-filters-1.2.6.tgz",
      "integrity": "sha1-aLOQicsd/4udvIiUhIObL1B/XFU="
    }
  }
}
